
Microsoft Visual Studio Solution File, Format Version 12.00
# Visual Studio Version 16
VisualStudioVersion = 16.0.29318.209
MinimumVisualStudioVersion = 10.0.40219.1
Project("{9A19103F-16F7-4668-BE54-9A1E7A4F7556}") = "ObjectSaver", "ObjectSaver.csproj", "{3AC8F226-258E-4CBD-B594-8417B6A9A1D8}"
EndProject
Global
	GlobalSection(SolutionConfigurationPlatforms) = preSolution
		Debug|Any CPU = Debug|Any CPU
		Release|Any CPU = Release|Any CPU
	EndGlobalSection
	GlobalSection(ProjectConfigurationPlatforms) = postSolution
		{3AC8F226-258E-4CBD-B594-8417B6A9A1D8}.Debug|Any CPU.ActiveCfg = Release|Any CPU
		{3AC8F226-258E-4CBD-B594-8417B6A9A1D8}.Debug|Any CPU.Build.0 = Release|Any CPU
		{3AC8F226-258E-4CBD-B594-8417B6A9A1D8}.Release|Any CPU.ActiveCfg = Release|Any CPU
		{3AC8F226-258E-4CBD-B594-8417B6A9A1D8}.Release|Any CPU.Build.0 = Release|Any CPU
	EndGlobalSection
	GlobalSection(SolutionProperties) = preSolution
		HideSolutionNode = FALSE
	EndGlobalSection
	GlobalSection(ExtensibilityGlobals) = postSolution
		SolutionGuid = {746B9ECB-D597-4B28-836C-4D623690C376}
	EndGlobalSection
EndGlobal
